# THIS IS AN AUTOGENERATED FILE. DO NOT EDIT THIS FILE DIRECTLY.
# yarn lockfile v1


"@react-native-community/geolocation@^2.0.2":
  version "2.0.2"
  resolved "https://registry.yarnpkg.com/@react-native-community/geolocation/-/geolocation-2.0.2.tgz#ba8b40f560ead8d014740d1cdea970b33f19312e"
  integrity sha512-tTNXRCgnhJBu79mulQwzabXRpDqfh/uaDqfHVpvF0nX4NTpolpy6mvTRiFg7eWFPGRArsnZz1EYp6rHfJWGgEA==

"@react-native-firebase/app@^8.4.5":
  version "8.4.5"
  resolved "https://registry.yarnpkg.com/@react-native-firebase/app/-/app-8.4.5.tgz#a5194c34a1f75af8641153163700305ae578d31d"
  integrity sha512-27qsFzX2Z1GPDyU8tUhYYCUkMlhYYCd/XJvteprTAjC8R6zPGdn/Y9Xxdrwkvhpj8Ply19lsxZ8UfvYIUbgOIQ==
  dependencies:
    opencollective-postinstall "^2.0.1"
    superstruct "^0.6.2"

"@react-native-firebase/messaging@^7.8.11":
  version "7.8.11"
  resolved "https://registry.yarnpkg.com/@react-native-firebase/messaging/-/messaging-7.8.11.tgz#36a49d15887038a2985a9ed71d86a411ad9f6005"
  integrity sha512-raajkw/fwotyg0g58TLHMqbMLvebLdO7c50sPaQWaB3rc1FxPwXr1vXTPsFQzlD4QR1vBjNOik80h8fjxvW4NQ==

clone-deep@^2.0.1:
  version "2.0.2"
  resolved "https://registry.yarnpkg.com/clone-deep/-/clone-deep-2.0.2.tgz#00db3a1e173656730d1188c3d6aced6d7ea97713"
  integrity sha512-SZegPTKjCgpQH63E+eN6mVEEPdQBOUzjyJm5Pora4lrwWRFS8I0QAxV/KD6vV/i0WuijHZWQC1fMsPEdxfdVCQ==
  dependencies:
    for-own "^1.0.0"
    is-plain-object "^2.0.4"
    kind-of "^6.0.0"
    shallow-clone "^1.0.0"

for-in@^0.1.3:
  version "0.1.8"
  resolved "https://registry.yarnpkg.com/for-in/-/for-in-0.1.8.tgz#d8773908e31256109952b1fdb9b3fa867d2775e1"
  integrity sha1-2Hc5COMSVhCZUrH9ubP6hn0ndeE=

for-in@^1.0.1:
  version "1.0.2"
  resolved "https://registry.yarnpkg.com/for-in/-/for-in-1.0.2.tgz#81068d295a8142ec0ac726c6e2200c30fb6d5e80"
  integrity sha1-gQaNKVqBQuwKxybG4iAMMPttXoA=

for-own@^1.0.0:
  version "1.0.0"
  resolved "https://registry.yarnpkg.com/for-own/-/for-own-1.0.0.tgz#c63332f415cedc4b04dbfe70cf836494c53cb44b"
  integrity sha1-xjMy9BXO3EsE2/5wz4NklMU8tEs=
  dependencies:
    for-in "^1.0.1"

invariant@^2.2.4:
  version "2.2.4"
  resolved "https://registry.yarnpkg.com/invariant/-/invariant-2.2.4.tgz#610f3c92c9359ce1db616e538008d23ff35158e6"
  integrity sha512-phJfQVBuaJM5raOpJjSfkiD6BpbCE4Ns//LaXl6wGYtUBY83nWS6Rf9tXm2e8VaK60JEjYldbPif/A2B1C2gNA==
  dependencies:
    loose-envify "^1.0.0"

is-extendable@^0.1.1:
  version "0.1.1"
  resolved "https://registry.yarnpkg.com/is-extendable/-/is-extendable-0.1.1.tgz#62b110e289a471418e3ec36a617d472e301dfc89"
  integrity sha1-YrEQ4omkcUGOPsNqYX1HLjAd/Ik=

is-plain-object@^2.0.4:
  version "2.0.4"
  resolved "https://registry.yarnpkg.com/is-plain-object/-/is-plain-object-2.0.4.tgz#2c163b3fafb1b606d9d17928f05c2a1c38e07677"
  integrity sha512-h5PpgXkWitc38BBMYawTYMWJHFZJVnBquFE57xFpjB8pJFiF6gZ+bU+WyI/yqXiFR5mdLsgYNaPe8uao6Uv9Og==
  dependencies:
    isobject "^3.0.1"

isobject@^3.0.1:
  version "3.0.1"
  resolved "https://registry.yarnpkg.com/isobject/-/isobject-3.0.1.tgz#4e431e92b11a9731636aa1f9c8d1ccbcfdab78df"
  integrity sha1-TkMekrEalzFjaqH5yNHMvP2reN8=

"js-tokens@^3.0.0 || ^4.0.0":
  version "4.0.0"
  resolved "https://registry.yarnpkg.com/js-tokens/-/js-tokens-4.0.0.tgz#19203fb59991df98e3a287050d4647cdeaf32499"
  integrity sha512-RdJUflcE3cUzKiMqQgsCu06FPu9UdIJO0beYbPhHN4k6apgJtifcoCtT9bcxOpYBtpD2kCM6Sbzg4CausW/PKQ==

kind-of@^5.0.0:
  version "5.1.0"
  resolved "https://registry.yarnpkg.com/kind-of/-/kind-of-5.1.0.tgz#729c91e2d857b7a419a1f9aa65685c4c33f5845d"
  integrity sha512-NGEErnH6F2vUuXDh+OlbcKW7/wOcfdRHaZ7VWtqCztfHri/++YKmP51OdWeGPuqCOba6kk2OTe5d02VmTB80Pw==

kind-of@^6.0.0, kind-of@^6.0.1:
  version "6.0.3"
  resolved "https://registry.yarnpkg.com/kind-of/-/kind-of-6.0.3.tgz#07c05034a6c349fa06e24fa35aa76db4580ce4dd"
  integrity sha512-dcS1ul+9tmeD95T+x28/ehLgd9mENa3LsvDTtzm3vyBEO7RPptvAD+t44WVXaUjTBRcrpFeFlC8WCruUR456hw==

loose-envify@^1.0.0:
  version "1.4.0"
  resolved "https://registry.yarnpkg.com/loose-envify/-/loose-envify-1.4.0.tgz#71ee51fa7be4caec1a63839f7e682d8132d30caf"
  integrity sha512-lyuxPGr/Wfhrlem2CL/UcnUc1zcqKAImBDzukY7Y5F/yQiNdko6+fRLevlw1HgMySw7f611UIY408EtxRSoK3Q==
  dependencies:
    js-tokens "^3.0.0 || ^4.0.0"

mixin-object@^2.0.1:
  version "2.0.1"
  resolved "https://registry.yarnpkg.com/mixin-object/-/mixin-object-2.0.1.tgz#4fb949441dab182540f1fe035ba60e1947a5e57e"
  integrity sha1-T7lJRB2rGCVA8f4DW6YOGUel5X4=
  dependencies:
    for-in "^0.1.3"
    is-extendable "^0.1.1"

opencollective-postinstall@^2.0.1, opencollective-postinstall@^2.0.2:
  version "2.0.3"
  resolved "https://registry.yarnpkg.com/opencollective-postinstall/-/opencollective-postinstall-2.0.3.tgz#7a0fff978f6dbfa4d006238fbac98ed4198c3259"
  integrity sha512-8AV/sCtuzUeTo8gQK5qDZzARrulB3egtLzFgteqB2tcT4Mw7B8Kt7JcDHmltjz6FOAHsvTevk70gZEbhM4ZS9Q==

react-native-device-info@^6.1.0:
  version "6.1.0"
  resolved "https://registry.yarnpkg.com/react-native-device-info/-/react-native-device-info-6.1.0.tgz#0d1858e584fdfdddb016d0d7bc762c0ac240792f"
  integrity sha512-IYvHMTVjQi3O8IX8hSK2oAzD2OCF/s/iXg5c9Ur0bcvqeqlrw/+5ucCPZ2vD5st2E8GqyJpzCZhbtP+sVLYppQ==

react-native-inappbrowser-reborn@^3.4.0:
  version "3.4.0"
  resolved "https://registry.yarnpkg.com/react-native-inappbrowser-reborn/-/react-native-inappbrowser-reborn-3.4.0.tgz#fe449722e309c1611fa5e3a742a7e449aaf5a9e5"
  integrity sha512-buHTc8xvjtO1pDKrGxgXetyV1D3XdmXJ+b8x1AW+PrKeLg8lzBdlVmSUtpIQBg98WPwK3FA08l/CvShocmvOyg==
  dependencies:
    invariant "^2.2.4"
    opencollective-postinstall "^2.0.2"

react-native-localize@^1.4.2:
  version "1.4.2"
  resolved "https://registry.yarnpkg.com/react-native-localize/-/react-native-localize-1.4.2.tgz#92fc7bb76fa0381c7297b7fa66ee3af0a9bc165e"
  integrity sha512-LAUFsgcVHHJkU6AYjEDi9e6fJfahrep4IBXPNREKzG9uvHhjXno0Lv8TKNRMzrx6wGntpM/1bxs5pSTstpKllg==

shallow-clone@^1.0.0:
  version "1.0.0"
  resolved "https://registry.yarnpkg.com/shallow-clone/-/shallow-clone-1.0.0.tgz#4480cd06e882ef68b2ad88a3ea54832e2c48b571"
  integrity sha512-oeXreoKR/SyNJtRJMAKPDSvd28OqEwG4eR/xc856cRGBII7gX9lvAqDxusPm0846z/w/hWYjI1NpKwJ00NHzRA==
  dependencies:
    is-extendable "^0.1.1"
    kind-of "^5.0.0"
    mixin-object "^2.0.1"

superstruct@^0.6.2:
  version "0.6.2"
  resolved "https://registry.yarnpkg.com/superstruct/-/superstruct-0.6.2.tgz#c5eb034806a17ff98d036674169ef85e4c7f6a1c"
  integrity sha512-lvA97MFAJng3rfjcafT/zGTSWm6Tbpk++DP6It4Qg7oNaeM+2tdJMuVgGje21/bIpBEs6iQql1PJH6dKTjl4Ig==
  dependencies:
    clone-deep "^2.0.1"
    kind-of "^6.0.1"
